{
  "name": "covid-answer-proxy",
  "version": "1.0.0",
  "lockfileVersion": 2,
  "requires": true,
  "packages": {
    "": {
      "version": "1.0.0",
      "license": "ISC",
      "dependencies": {
        "marked": "^2.0.3",
        "node-fetch": "^2.6.1"
      }
    },
    "node_modules/marked": {
      "version": "2.0.3",
      "resolved": "https://registry.npmjs.org/marked/-/marked-2.0.3.tgz",
      "integrity": "sha512-5otztIIcJfPc2qGTN8cVtOJEjNJZ0jwa46INMagrYfk0EvqtRuEHLsEe0LrFS0/q+ZRKT0+kXK7P2T1AN5lWRA==",
      "bin": {
        "marked": "bin/marked"
      },
      "engines": {
        "node": ">= 8.16.2"
      }
    },
    "node_modules/node-fetch": {
      "version": "2.6.1",
      "resolved": "https://registry.npmjs.org/node-fetch/-/node-fetch-2.6.1.tgz",
      "integrity": "sha512-V4aYg89jEoVRxRb2fJdAg8FHvI7cEyYdVAh94HH0UIK8oJxUfkjlDQN9RbMx+bEjP7+ggMiFRprSti032Oipxw==",
      "engines": {
        "node": "4.x || >=6.0.0"
      }
    }
  },
  "dependencies": {
    "marked": {
      "version": "2.0.3",
      "resolved": "https://registry.npmjs.org/marked/-/marked-2.0.3.tgz",
      "integrity": "sha512-5otztIIcJfPc2qGTN8cVtOJEjNJZ0jwa46INMagrYfk0EvqtRuEHLsEe0LrFS0/q+ZRKT0+kXK7P2T1AN5lWRA=="
    },
    "node-fetch": {
      "version": "2.6.1",
      "resolved": "https://registry.npmjs.org/node-fetch/-/node-fetch-2.6.1.tgz",
      "integrity": "sha512-V4aYg89jEoVRxRb2fJdAg8FHvI7cEyYdVAh94HH0UIK8oJxUfkjlDQN9RbMx+bEjP7+ggMiFRprSti032Oipxw=="
    }
  }
}
